
Microsoft Visual Studio Solution File, Format Version 12.00
# Visual Studio Version 17
VisualStudioVersion = 17.0.31903.59
MinimumVisualStudioVersion = 10.0.40219.1
Project("{2150E333-8FDC-42A3-9474-1A3956D46DE8}") = "src", "src", "{474BAF3E-ED5C-4D2B-A7A9-A10CE3085C1C}"
EndProject
Project("{FAE04EC0-301F-11D3-BF4B-00C04F79EFBC}") = "RedisConfigurationProvider", "src\RedisConfigurationProvider\RedisConfigurationProvider.csproj", "{8272A0B0-E9E2-42A0-8DE4-B30064B9844D}"
EndProject
Project("{2150E333-8FDC-42A3-9474-1A3956D46DE8}") = "samples", "samples", "{5ABD2EF7-AD28-4730-B146-94D7DAE18024}"
EndProject
Project("{FAE04EC0-301F-11D3-BF4B-00C04F79EFBC}") = "servicea.consoleapp", "samples\servicea.consoleapp\servicea.consoleapp.csproj", "{0D4E315A-4F4A-4331-B8B8-BE7E60BC18B6}"
EndProject
Project("{FAE04EC0-301F-11D3-BF4B-00C04F79EFBC}") = "serviceb.webapi", "samples\serviceb.webapi\serviceb.webapi.csproj", "{566C5EB9-1825-4050-B004-50742C62661D}"
EndProject
Global
	GlobalSection(SolutionConfigurationPlatforms) = preSolution
		Debug|Any CPU = Debug|Any CPU
		Release|Any CPU = Release|Any CPU
	EndGlobalSection
	GlobalSection(SolutionProperties) = preSolution
		HideSolutionNode = FALSE
	EndGlobalSection
	GlobalSection(ProjectConfigurationPlatforms) = postSolution
		{8272A0B0-E9E2-42A0-8DE4-B30064B9844D}.Debug|Any CPU.ActiveCfg = Debug|Any CPU
		{8272A0B0-E9E2-42A0-8DE4-B30064B9844D}.Debug|Any CPU.Build.0 = Debug|Any CPU
		{8272A0B0-E9E2-42A0-8DE4-B30064B9844D}.Release|Any CPU.ActiveCfg = Release|Any CPU
		{8272A0B0-E9E2-42A0-8DE4-B30064B9844D}.Release|Any CPU.Build.0 = Release|Any CPU
		{0D4E315A-4F4A-4331-B8B8-BE7E60BC18B6}.Debug|Any CPU.ActiveCfg = Debug|Any CPU
		{0D4E315A-4F4A-4331-B8B8-BE7E60BC18B6}.Debug|Any CPU.Build.0 = Debug|Any CPU
		{0D4E315A-4F4A-4331-B8B8-BE7E60BC18B6}.Release|Any CPU.ActiveCfg = Release|Any CPU
		{0D4E315A-4F4A-4331-B8B8-BE7E60BC18B6}.Release|Any CPU.Build.0 = Release|Any CPU
		{566C5EB9-1825-4050-B004-50742C62661D}.Debug|Any CPU.ActiveCfg = Debug|Any CPU
		{566C5EB9-1825-4050-B004-50742C62661D}.Debug|Any CPU.Build.0 = Debug|Any CPU
		{566C5EB9-1825-4050-B004-50742C62661D}.Release|Any CPU.ActiveCfg = Release|Any CPU
		{566C5EB9-1825-4050-B004-50742C62661D}.Release|Any CPU.Build.0 = Release|Any CPU
	EndGlobalSection
	GlobalSection(NestedProjects) = preSolution
		{8272A0B0-E9E2-42A0-8DE4-B30064B9844D} = {474BAF3E-ED5C-4D2B-A7A9-A10CE3085C1C}
		{0D4E315A-4F4A-4331-B8B8-BE7E60BC18B6} = {5ABD2EF7-AD28-4730-B146-94D7DAE18024}
		{566C5EB9-1825-4050-B004-50742C62661D} = {5ABD2EF7-AD28-4730-B146-94D7DAE18024}
	EndGlobalSection
EndGlobal
